
Microsoft Visual Studio Solution File, Format Version 12.00
# Visual Studio 15
VisualStudioVersion = 15.0.27703.2018
MinimumVisualStudioVersion = 10.0.40219.1
Project("{FAE04EC0-301F-11D3-BF4B-00C04F79EFBC}") = "Estagio.Nucleo", "Estagio.Nucleo\Estagio.Nucleo.csproj", "{6427A6BE-4098-4AFA-9360-C7C20A6E891F}"
EndProject
Project("{FAE04EC0-301F-11D3-BF4B-00C04F79EFBC}") = "Estagio.WinForm", "Estagio.Winform\Estagio.WinForm.csproj", "{20738B3E-34D5-40FC-9420-103FCEFF8FDC}"
EndProject
Global
	GlobalSection(SolutionConfigurationPlatforms) = preSolution
		Debug|Any CPU = Debug|Any CPU
		Release|Any CPU = Release|Any CPU
	EndGlobalSection
	GlobalSection(ProjectConfigurationPlatforms) = postSolution
		{6427A6BE-4098-4AFA-9360-C7C20A6E891F}.Debug|Any CPU.ActiveCfg = Debug|Any CPU
		{6427A6BE-4098-4AFA-9360-C7C20A6E891F}.Debug|Any CPU.Build.0 = Debug|Any CPU
		{6427A6BE-4098-4AFA-9360-C7C20A6E891F}.Release|Any CPU.ActiveCfg = Release|Any CPU
		{6427A6BE-4098-4AFA-9360-C7C20A6E891F}.Release|Any CPU.Build.0 = Release|Any CPU
		{20738B3E-34D5-40FC-9420-103FCEFF8FDC}.Debug|Any CPU.ActiveCfg = Debug|Any CPU
		{20738B3E-34D5-40FC-9420-103FCEFF8FDC}.Debug|Any CPU.Build.0 = Debug|Any CPU
		{20738B3E-34D5-40FC-9420-103FCEFF8FDC}.Release|Any CPU.ActiveCfg = Release|Any CPU
		{20738B3E-34D5-40FC-9420-103FCEFF8FDC}.Release|Any CPU.Build.0 = Release|Any CPU
	EndGlobalSection
	GlobalSection(SolutionProperties) = preSolution
		HideSolutionNode = FALSE
	EndGlobalSection
	GlobalSection(ExtensibilityGlobals) = postSolution
		SolutionGuid = {4E4EE7AC-DD04-438B-8D7C-1E525E3CE6BE}
	EndGlobalSection
EndGlobal
